
Microsoft Visual Studio Solution File, Format Version 12.00
# Visual Studio 2013
VisualStudioVersion = 12.0.30501.0
MinimumVisualStudioVersion = 10.0.40219.1
Project("{FAE04EC0-301F-11D3-BF4B-00C04F79EFBC}") = "Ironhide.Users.Domain", "Ironhide.Domain\Ironhide.Users.Domain.csproj", "{2BEE7A33-DCB7-4F9C-B45C-A7DAC69AEB52}"
EndProject
Project("{FAE04EC0-301F-11D3-BF4B-00C04F79EFBC}") = "Ironhide.Users.Domain.Specs", "Ironhide.Domain.Specs\Ironhide.Users.Domain.Specs.csproj", "{76EE1961-B5BF-4F77-8EE9-0545BD74A2B7}"
EndProject
Project("{FAE04EC0-301F-11D3-BF4B-00C04F79EFBC}") = "Ironhide.Users.Api.Modules", "Ironhide.Api.Modules\Ironhide.Users.Api.Modules.csproj", "{AB5A64BD-681C-409E-B7CD-3430B666CAF0}"
EndProject
Project("{FAE04EC0-301F-11D3-BF4B-00C04F79EFBC}") = "Ironhide.Api.Host", "Ironhide.Api.Host\Ironhide.Api.Host.csproj", "{EFD8559C-290D-45F6-A090-0ADE554A9065}"
EndProject
Project("{FAE04EC0-301F-11D3-BF4B-00C04F79EFBC}") = "Ironhide.Users.Api.Modules.Specs", "Ironhide.Api.Modules.Specs\Ironhide.Users.Api.Modules.Specs.csproj", "{1E1E8DFC-FF92-4FB3-A2A6-ED5744129EC5}"
EndProject
Project("{FAE04EC0-301F-11D3-BF4B-00C04F79EFBC}") = "Ironhide.Api.Infrastructure", "Ironhide.Api.Infrastructure\Ironhide.Api.Infrastructure.csproj", "{B3B743A1-FFF7-4EAF-80FA-2327AFE47D71}"
EndProject
Project("{2150E333-8FDC-42A3-9474-1A3956D46DE8}") = ".nuget", ".nuget", "{BF614754-C1AA-4FD5-A17E-B73240928B7E}"
	ProjectSection(SolutionItems) = preProject
		.nuget\packages.config = .nuget\packages.config
	EndProjectSection
EndProject
Project("{FAE04EC0-301F-11D3-BF4B-00C04F79EFBC}") = "Ironhide.Users.Data.Specs", "Ironhide.Data.EntityFramework.Specs\Ironhide.Users.Data.Specs.csproj", "{4B32449A-EC8C-4180-8D0B-C319F1E82172}"
EndProject
Project("{FAE04EC0-301F-11D3-BF4B-00C04F79EFBC}") = "Ironhide.Users.Data", "Ironhide.Data.EntityFramework\Ironhide.Users.Data.csproj", "{0021D37D-D0CC-4491-BB7B-3FD43EEEB7FE}"
EndProject
Project("{2150E333-8FDC-42A3-9474-1A3956D46DE8}") = "Users", "Users", "{235F3DD9-EBDE-41CD-AB88-FF844BCB423A}"
EndProject
Global
	GlobalSection(SolutionConfigurationPlatforms) = preSolution
		Debug|Any CPU = Debug|Any CPU
		Release|Any CPU = Release|Any CPU
	EndGlobalSection
	GlobalSection(ProjectConfigurationPlatforms) = postSolution
		{2BEE7A33-DCB7-4F9C-B45C-A7DAC69AEB52}.Debug|Any CPU.ActiveCfg = Debug|Any CPU
		{2BEE7A33-DCB7-4F9C-B45C-A7DAC69AEB52}.Debug|Any CPU.Build.0 = Debug|Any CPU
		{2BEE7A33-DCB7-4F9C-B45C-A7DAC69AEB52}.Release|Any CPU.ActiveCfg = Release|Any CPU
		{2BEE7A33-DCB7-4F9C-B45C-A7DAC69AEB52}.Release|Any CPU.Build.0 = Release|Any CPU
		{76EE1961-B5BF-4F77-8EE9-0545BD74A2B7}.Debug|Any CPU.ActiveCfg = Debug|Any CPU
		{76EE1961-B5BF-4F77-8EE9-0545BD74A2B7}.Debug|Any CPU.Build.0 = Debug|Any CPU
		{76EE1961-B5BF-4F77-8EE9-0545BD74A2B7}.Release|Any CPU.ActiveCfg = Release|Any CPU
		{76EE1961-B5BF-4F77-8EE9-0545BD74A2B7}.Release|Any CPU.Build.0 = Release|Any CPU
		{AB5A64BD-681C-409E-B7CD-3430B666CAF0}.Debug|Any CPU.ActiveCfg = Debug|Any CPU
		{AB5A64BD-681C-409E-B7CD-3430B666CAF0}.Debug|Any CPU.Build.0 = Debug|Any CPU
		{AB5A64BD-681C-409E-B7CD-3430B666CAF0}.Release|Any CPU.ActiveCfg = Release|Any CPU
		{AB5A64BD-681C-409E-B7CD-3430B666CAF0}.Release|Any CPU.Build.0 = Release|Any CPU
		{EFD8559C-290D-45F6-A090-0ADE554A9065}.Debug|Any CPU.ActiveCfg = Debug|Any CPU
		{EFD8559C-290D-45F6-A090-0ADE554A9065}.Debug|Any CPU.Build.0 = Debug|Any CPU
		{EFD8559C-290D-45F6-A090-0ADE554A9065}.Release|Any CPU.ActiveCfg = Release|Any CPU
		{EFD8559C-290D-45F6-A090-0ADE554A9065}.Release|Any CPU.Build.0 = Release|Any CPU
		{1E1E8DFC-FF92-4FB3-A2A6-ED5744129EC5}.Debug|Any CPU.ActiveCfg = Debug|Any CPU
		{1E1E8DFC-FF92-4FB3-A2A6-ED5744129EC5}.Debug|Any CPU.Build.0 = Debug|Any CPU
		{1E1E8DFC-FF92-4FB3-A2A6-ED5744129EC5}.Release|Any CPU.ActiveCfg = Release|Any CPU
		{1E1E8DFC-FF92-4FB3-A2A6-ED5744129EC5}.Release|Any CPU.Build.0 = Release|Any CPU
		{B3B743A1-FFF7-4EAF-80FA-2327AFE47D71}.Debug|Any CPU.ActiveCfg = Debug|Any CPU
		{B3B743A1-FFF7-4EAF-80FA-2327AFE47D71}.Debug|Any CPU.Build.0 = Debug|Any CPU
		{B3B743A1-FFF7-4EAF-80FA-2327AFE47D71}.Release|Any CPU.ActiveCfg = Release|Any CPU
		{B3B743A1-FFF7-4EAF-80FA-2327AFE47D71}.Release|Any CPU.Build.0 = Release|Any CPU
		{4B32449A-EC8C-4180-8D0B-C319F1E82172}.Debug|Any CPU.ActiveCfg = Debug|Any CPU
		{4B32449A-EC8C-4180-8D0B-C319F1E82172}.Debug|Any CPU.Build.0 = Debug|Any CPU
		{4B32449A-EC8C-4180-8D0B-C319F1E82172}.Release|Any CPU.ActiveCfg = Release|Any CPU
		{4B32449A-EC8C-4180-8D0B-C319F1E82172}.Release|Any CPU.Build.0 = Release|Any CPU
		{0021D37D-D0CC-4491-BB7B-3FD43EEEB7FE}.Debug|Any CPU.ActiveCfg = Debug|Any CPU
		{0021D37D-D0CC-4491-BB7B-3FD43EEEB7FE}.Debug|Any CPU.Build.0 = Debug|Any CPU
		{0021D37D-D0CC-4491-BB7B-3FD43EEEB7FE}.Release|Any CPU.ActiveCfg = Release|Any CPU
		{0021D37D-D0CC-4491-BB7B-3FD43EEEB7FE}.Release|Any CPU.Build.0 = Release|Any CPU
	EndGlobalSection
	GlobalSection(SolutionProperties) = preSolution
		HideSolutionNode = FALSE
	EndGlobalSection
	GlobalSection(NestedProjects) = preSolution
		{2BEE7A33-DCB7-4F9C-B45C-A7DAC69AEB52} = {235F3DD9-EBDE-41CD-AB88-FF844BCB423A}
		{76EE1961-B5BF-4F77-8EE9-0545BD74A2B7} = {235F3DD9-EBDE-41CD-AB88-FF844BCB423A}
		{AB5A64BD-681C-409E-B7CD-3430B666CAF0} = {235F3DD9-EBDE-41CD-AB88-FF844BCB423A}
		{1E1E8DFC-FF92-4FB3-A2A6-ED5744129EC5} = {235F3DD9-EBDE-41CD-AB88-FF844BCB423A}
		{4B32449A-EC8C-4180-8D0B-C319F1E82172} = {235F3DD9-EBDE-41CD-AB88-FF844BCB423A}
		{0021D37D-D0CC-4491-BB7B-3FD43EEEB7FE} = {235F3DD9-EBDE-41CD-AB88-FF844BCB423A}
	EndGlobalSection
EndGlobal
